PODS:
  - LTScrypt (0.0.4)
  - SSKeychain (1.4.1)

DEPENDENCIES:
  - LTScrypt (from `https://github.com/vitock/scrypt`, tag `0.0.4`)
  - SSKeychain

SPEC REPOS:
  trunk:
    - SSKeychain

EXTERNAL SOURCES:
  LTScrypt:
    :git: https://github.com/vitock/scrypt
    :tag: 0.0.4

CHECKOUT OPTIONS:
  LTScrypt:
    :git: https://github.com/vitock/scrypt
    :tag: 0.0.4

SPEC CHECKSUMS:
  LTScrypt: 154686bb0a565789d91453f6c85dab8333cef7d2
  SSKeychain: 55cc80f66f5c73da827e3077f02e43528897db41

PODFILE CHECKSUM: 14c3476d0a60ebc02840ca619fa74f477255d17e

COCOAPODS: 1.11.3
