PODS:
  - LTScrypt (0.0.3)
  - SSKeychain (1.4.1)

DEPENDENCIES:
  - LTScrypt (from `https://github.com/vitock/scrypt`)
  - SSKeychain

SPEC REPOS:
  trunk:
    - SSKeychain

EXTERNAL SOURCES:
  LTScrypt:
    :git: https://github.com/vitock/scrypt

CHECKOUT OPTIONS:
  LTScrypt:
    :commit: b5e3a433be3bb866dcd5286e69524cd9ff960228
    :git: https://github.com/vitock/scrypt

SPEC CHECKSUMS:
  LTScrypt: a29ca6669b435ecf2c1a10299a9ae320ef26379e
  SSKeychain: 55cc80f66f5c73da827e3077f02e43528897db41

PODFILE CHECKSUM: d960757218b664c51278f4ab46bc8cfa6282ab57

COCOAPODS: 1.10.0
