// !$*UTF8*$!
{
	archiveVersion = 1;
	classes = {
	};
	objectVersion = 54;
	objects = {

/* Begin PBXBuildFile section */
		7A13DBA2A294CD60C0F9CDC3 /* Pods_ECC_swift.framework in Frameworks */ = {isa = PBXBuildFile; fileRef = 783E780A82AFB247DBB67D10 /* Pods_ECC_swift.framework */; };
		C41B6B0227E81C9D0073AD1D /* randomArt.swift in Sources */ = {isa = PBXBuildFile; fileRef = C41B6B0127E81C9D0073AD1D /* randomArt.swift */; };
		C43B06B527FDE1B6004E55FC /* Cryptor.swift in Sources */ = {isa = PBXBuildFile; fileRef = C43B06B427FDE1B6004E55FC /* Cryptor.swift */; };
		C43B06B727FEA870004E55FC /* test.swift in Sources */ = {isa = PBXBuildFile; fileRef = C43B06B627FEA870004E55FC /* test.swift */; };
		C443211A28164E33008872DA /* libtommath in Frameworks */ = {isa = PBXBuildFile; productRef = C443211928164E33008872DA /* libtommath */; };
		C48D5B7E2887989900219BC8 /* libsodium.a in Frameworks */ = {isa = PBXBuildFile; fileRef = C48D5B7D2887989900219BC8 /* libsodium.a */; };
		C49ED65C27D5FBA0009C8CBC /* main.swift in Sources */ = {isa = PBXBuildFile; fileRef = C49ED65B27D5FBA0009C8CBC /* main.swift */; };
		C49ED66327D5FBEC009C8CBC /* ECC.swift in Sources */ = {isa = PBXBuildFile; fileRef = C49ED66227D5FBEC009C8CBC /* ECC.swift */; };
		C49ED66527D5FE23009C8CBC /* Base64.swift in Sources */ = {isa = PBXBuildFile; fileRef = C49ED66427D5FE23009C8CBC /* Base64.swift */; };
		C4B11FEE2887A5E400DDC5B6 /* CryptoKit.framework in Frameworks */ = {isa = PBXBuildFile; fileRef = C4B11FED2887A5E400DDC5B6 /* CryptoKit.framework */; };
		C4B11FF22888095700DDC5B6 /* EC_X25519.swift in Sources */ = {isa = PBXBuildFile; fileRef = C4B11FF12888095700DDC5B6 /* EC_X25519.swift */; };
		C4D9686C27E1AF0300710BDC /* Tools.swift in Sources */ = {isa = PBXBuildFile; fileRef = C4D9686B27E1AF0300710BDC /* Tools.swift */; };
		C4E38A052806BA9B0001ABE0 /* Accelerate.framework in Frameworks */ = {isa = PBXBuildFile; fileRef = C4E38A042806BA9B0001ABE0 /* Accelerate.framework */; };
		C4ECE55E280B060900400456 /* EC.swift in Sources */ = {isa = PBXBuildFile; fileRef = C4ECE55C280B060900400456 /* EC.swift */; };
		C4ECE55F280B060900400456 /* number.swift in Sources */ = {isa = PBXBuildFile; fileRef = C4ECE55D280B060900400456 /* number.swift */; };
		C4F22D1927EB254B00BEEF1F /* keychaintool.swift in Sources */ = {isa = PBXBuildFile; fileRef = C4F22D1827EB254B00BEEF1F /* keychaintool.swift */; };
/* End PBXBuildFile section */

/* Begin PBXCopyFilesBuildPhase section */
		C49ED65627D5FBA0009C8CBC /* CopyFiles */ = {
			isa = PBXCopyFilesBuildPhase;
			buildActionMask = 2147483647;
			dstPath = /usr/share/man/man1/;
			dstSubfolderSpec = 0;
			files = (
			);
			runOnlyForDeploymentPostprocessing = 1;
		};
/* End PBXCopyFilesBuildPhase section */

/* Begin PBXFileReference section */
		783E780A82AFB247DBB67D10 /* Pods_ECC_swift.framework */ = {isa = PBXFileReference; explicitFileType = wrapper.framework; includeInIndex = 0; path = Pods_ECC_swift.framework; sourceTree = BUILT_PRODUCTS_DIR; };
		BE8B5773833EC6FABB878354 /* Pods-ECC-swift.debug.xcconfig */ = {isa = PBXFileReference; includeInIndex = 1; lastKnownFileType = text.xcconfig; name = "Pods-ECC-swift.debug.xcconfig"; path = "Target Support Files/Pods-ECC-swift/Pods-ECC-swift.debug.xcconfig"; sourceTree = "<group>"; };
		C41B6B0127E81C9D0073AD1D /* randomArt.swift */ = {isa = PBXFileReference; lastKnownFileType = sourcecode.swift; path = randomArt.swift; sourceTree = "<group>"; };
		C43B06B427FDE1B6004E55FC /* Cryptor.swift */ = {isa = PBXFileReference; lastKnownFileType = sourcecode.swift; path = Cryptor.swift; sourceTree = "<group>"; };
		C43B06B627FEA870004E55FC /* test.swift */ = {isa = PBXFileReference; lastKnownFileType = sourcecode.swift; path = test.swift; sourceTree = "<group>"; };
		C48D5B7D2887989900219BC8 /* libsodium.a */ = {isa = PBXFileReference; lastKnownFileType = archive.ar; name = libsodium.a; path = lib/libsodium.a; sourceTree = "<group>"; };
		C48D5B812887998500219BC8 /* crypto_stream_salsa2012.h */ = {isa = PBXFileReference; lastKnownFileType = sourcecode.c.h; path = crypto_stream_salsa2012.h; sourceTree = "<group>"; };
		C48D5B822887998500219BC8 /* crypto_auth.h */ = {isa = PBXFileReference; lastKnownFileType = sourcecode.c.h; path = crypto_auth.h; sourceTree = "<group>"; };
		C48D5B832887998500219BC8 /* utils.h */ = {isa = PBXFileReference; lastKnownFileType = sourcecode.c.h; path = utils.h; sourceTree = "<group>"; };
		C48D5B842887998500219BC8 /* crypto_core_hchacha20.h */ = {isa = PBXFileReference; lastKnownFileType = sourcecode.c.h; path = crypto_core_hchacha20.h; sourceTree = "<group>"; };
		C48D5B852887998500219BC8 /* crypto_hash_sha512.h */ = {isa = PBXFileReference; lastKnownFileType = sourcecode.c.h; path = crypto_hash_sha512.h; sourceTree = "<group>"; };
		C48D5B862887998500219BC8 /* core.h */ = {isa = PBXFileReference; lastKnownFileType = sourcecode.c.h; path = core.h; sourceTree = "<group>"; };
		C48D5B872887998500219BC8 /* version.h */ = {isa = PBXFileReference; lastKnownFileType = sourcecode.c.h; path = version.h; sourceTree = "<group>"; };
		C48D5B882887998500219BC8 /* export.h */ = {isa = PBXFileReference; lastKnownFileType = sourcecode.c.h; path = export.h; sourceTree = "<group>"; };
		C48D5B892887998500219BC8 /* randombytes_salsa20_random.h */ = {isa = PBXFileReference; lastKnownFileType = sourcecode.c.h; path = randombytes_salsa20_random.h; sourceTree = "<group>"; };
		C48D5B8A2887998500219BC8 /* crypto_core_salsa20.h */ = {isa = PBXFileReference; lastKnownFileType = sourcecode.c.h; path = crypto_core_salsa20.h; sourceTree = "<group>"; };
		C48D5B8B2887998500219BC8 /* crypto_shorthash_siphash24.h */ = {isa = PBXFileReference; lastKnownFileType = sourcecode.c.h; path = crypto_shorthash_siphash24.h; sourceTree = "<group>"; };
		C48D5B8C2887998500219BC8 /* randombytes.h */ = {isa = PBXFileReference; lastKnownFileType = sourcecode.c.h; path = randombytes.h; sourceTree = "<group>"; };
		C48D5B8D2887998500219BC8 /* crypto_hash_sha256.h */ = {isa = PBXFileReference; lastKnownFileType = sourcecode.c.h; path = crypto_hash_sha256.h; sourceTree = "<group>"; };
		C48D5B8E2887998500219BC8 /* crypto_stream.h */ = {isa = PBXFileReference; lastKnownFileType = sourcecode.c.h; path = crypto_stream.h; sourceTree = "<group>"; };
		C48D5B8F2887998500219BC8 /* crypto_auth_hmacsha512.h */ = {isa = PBXFileReference; lastKnownFileType = sourcecode.c.h; path = crypto_auth_hmacsha512.h; sourceTree = "<group>"; };
		C48D5B902887998500219BC8 /* crypto_aead_xchacha20poly1305.h */ = {isa = PBXFileReference; lastKnownFileType = sourcecode.c.h; path = crypto_aead_xchacha20poly1305.h; sourceTree = "<group>"; };
		C48D5B912887998500219BC8 /* crypto_stream_salsa20.h */ = {isa = PBXFileReference; lastKnownFileType = sourcecode.c.h; path = crypto_stream_salsa20.h; sourceTree = "<group>"; };
		C48D5B922887998500219BC8 /* crypto_onetimeauth_poly1305.h */ = {isa = PBXFileReference; lastKnownFileType = sourcecode.c.h; path = crypto_onetimeauth_poly1305.h; sourceTree = "<group>"; };
		C48D5B932887998500219BC8 /* crypto_kx.h */ = {isa = PBXFileReference; lastKnownFileType = sourcecode.c.h; path = crypto_kx.h; sourceTree = "<group>"; };
		C48D5B942887998500219BC8 /* crypto_hash.h */ = {isa = PBXFileReference; lastKnownFileType = sourcecode.c.h; path = crypto_hash.h; sourceTree = "<group>"; };
		C48D5B952887998500219BC8 /* crypto_sign.h */ = {isa = PBXFileReference; lastKnownFileType = sourcecode.c.h; path = crypto_sign.h; sourceTree = "<group>"; };
		C48D5B962887998500219BC8 /* crypto_kdf.h */ = {isa = PBXFileReference; lastKnownFileType = sourcecode.c.h; path = crypto_kdf.h; sourceTree = "<group>"; };
		C48D5B972887998500219BC8 /* crypto_auth_hmacsha256.h */ = {isa = PBXFileReference; lastKnownFileType = sourcecode.c.h; path = crypto_auth_hmacsha256.h; sourceTree = "<group>"; };
		C48D5B982887998500219BC8 /* crypto_box.h */ = {isa = PBXFileReference; lastKnownFileType = sourcecode.c.h; path = crypto_box.h; sourceTree = "<group>"; };
		C48D5B992887998500219BC8 /* crypto_verify_32.h */ = {isa = PBXFileReference; lastKnownFileType = sourcecode.c.h; path = crypto_verify_32.h; sourceTree = "<group>"; };
		C48D5B9A2887998500219BC8 /* crypto_stream_xchacha20.h */ = {isa = PBXFileReference; lastKnownFileType = sourcecode.c.h; path = crypto_stream_xchacha20.h; sourceTree = "<group>"; };
		C48D5B9B2887998500219BC8 /* crypto_core_salsa208.h */ = {isa = PBXFileReference; lastKnownFileType = sourcecode.c.h; path = crypto_core_salsa208.h; sourceTree = "<group>"; };
		C48D5B9C2887998500219BC8 /* crypto_auth_hmacsha512256.h */ = {isa = PBXFileReference; lastKnownFileType = sourcecode.c.h; path = crypto_auth_hmacsha512256.h; sourceTree = "<group>"; };
		C48D5B9D2887998500219BC8 /* crypto_aead_chacha20poly1305.h */ = {isa = PBXFileReference; lastKnownFileType = sourcecode.c.h; path = crypto_aead_chacha20poly1305.h; sourceTree = "<group>"; };
		C48D5B9E2887998500219BC8 /* randombytes_sysrandom.h */ = {isa = PBXFileReference; lastKnownFileType = sourcecode.c.h; path = randombytes_sysrandom.h; sourceTree = "<group>"; };
		C48D5B9F2887998500219BC8 /* runtime.h */ = {isa = PBXFileReference; lastKnownFileType = sourcecode.c.h; path = runtime.h; sourceTree = "<group>"; };
		C48D5BA02887998500219BC8 /* crypto_stream_salsa208.h */ = {isa = PBXFileReference; lastKnownFileType = sourcecode.c.h; path = crypto_stream_salsa208.h; sourceTree = "<group>"; };
		C48D5BA12887998500219BC8 /* crypto_aead_aes256gcm.h */ = {isa = PBXFileReference; lastKnownFileType = sourcecode.c.h; path = crypto_aead_aes256gcm.h; sourceTree = "<group>"; };
		C48D5BA22887998500219BC8 /* crypto_core_salsa2012.h */ = {isa = PBXFileReference; lastKnownFileType = sourcecode.c.h; path = crypto_core_salsa2012.h; sourceTree = "<group>"; };
		C48D5BA32887998500219BC8 /* crypto_secretbox_xchacha20poly1305.h */ = {isa = PBXFileReference; lastKnownFileType = sourcecode.c.h; path = crypto_secretbox_xchacha20poly1305.h; sourceTree = "<group>"; };
		C48D5BA42887998500219BC8 /* crypto_scalarmult.h */ = {isa = PBXFileReference; lastKnownFileType = sourcecode.c.h; path = crypto_scalarmult.h; sourceTree = "<group>"; };
		C48D5BA52887998500219BC8 /* crypto_pwhash.h */ = {isa = PBXFileReference; lastKnownFileType = sourcecode.c.h; path = crypto_pwhash.h; sourceTree = "<group>"; };
		C48D5BA62887998500219BC8 /* crypto_verify_16.h */ = {isa = PBXFileReference; lastKnownFileType = sourcecode.c.h; path = crypto_verify_16.h; sourceTree = "<group>"; };
		C48D5BA72887998500219BC8 /* crypto_stream_chacha20.h */ = {isa = PBXFileReference; lastKnownFileType = sourcecode.c.h; path = crypto_stream_chacha20.h; sourceTree = "<group>"; };
		C48D5BA82887998500219BC8 /* crypto_stream_xsalsa20.h */ = {isa = PBXFileReference; lastKnownFileType = sourcecode.c.h; path = crypto_stream_xsalsa20.h; sourceTree = "<group>"; };
		C48D5BA92887998500219BC8 /* crypto_core_hsalsa20.h */ = {isa = PBXFileReference; lastKnownFileType = sourcecode.c.h; path = crypto_core_hsalsa20.h; sourceTree = "<group>"; };
		C48D5BAA2887998500219BC8 /* crypto_kdf_blake2b.h */ = {isa = PBXFileReference; lastKnownFileType = sourcecode.c.h; path = crypto_kdf_blake2b.h; sourceTree = "<group>"; };
		C48D5BAB2887998500219BC8 /* crypto_scalarmult_curve25519.h */ = {isa = PBXFileReference; lastKnownFileType = sourcecode.c.h; path = crypto_scalarmult_curve25519.h; sourceTree = "<group>"; };
		C48D5BAC2887998500219BC8 /* crypto_shorthash.h */ = {isa = PBXFileReference; lastKnownFileType = sourcecode.c.h; path = crypto_shorthash.h; sourceTree = "<group>"; };
		C48D5BAD2887998500219BC8 /* crypto_pwhash_argon2id.h */ = {isa = PBXFileReference; lastKnownFileType = sourcecode.c.h; path = crypto_pwhash_argon2id.h; sourceTree = "<group>"; };
		C48D5BAE2887998500219BC8 /* crypto_secretstream_xchacha20poly1305.h */ = {isa = PBXFileReference; lastKnownFileType = sourcecode.c.h; path = crypto_secretstream_xchacha20poly1305.h; sourceTree = "<group>"; };
		C48D5BAF2887998500219BC8 /* crypto_pwhash_scryptsalsa208sha256.h */ = {isa = PBXFileReference; lastKnownFileType = sourcecode.c.h; path = crypto_pwhash_scryptsalsa208sha256.h; sourceTree = "<group>"; };
		C48D5BB02887998500219BC8 /* crypto_sign_ed25519.h */ = {isa = PBXFileReference; lastKnownFileType = sourcecode.c.h; path = crypto_sign_ed25519.h; sourceTree = "<group>"; };
		C48D5BB12887998500219BC8 /* crypto_onetimeauth.h */ = {isa = PBXFileReference; lastKnownFileType = sourcecode.c.h; path = crypto_onetimeauth.h; sourceTree = "<group>"; };
		C48D5BB22887998500219BC8 /* crypto_verify_64.h */ = {isa = PBXFileReference; lastKnownFileType = sourcecode.c.h; path = crypto_verify_64.h; sourceTree = "<group>"; };
		C48D5BB32887998500219BC8 /* crypto_box_curve25519xchacha20poly1305.h */ = {isa = PBXFileReference; lastKnownFileType = sourcecode.c.h; path = crypto_box_curve25519xchacha20poly1305.h; sourceTree = "<group>"; };
		C48D5BB42887998500219BC8 /* crypto_core_ed25519.h */ = {isa = PBXFileReference; lastKnownFileType = sourcecode.c.h; path = crypto_core_ed25519.h; sourceTree = "<group>"; };
		C48D5BB52887998500219BC8 /* crypto_pwhash_argon2i.h */ = {isa = PBXFileReference; lastKnownFileType = sourcecode.c.h; path = crypto_pwhash_argon2i.h; sourceTree = "<group>"; };
		C48D5BB62887998500219BC8 /* crypto_generichash.h */ = {isa = PBXFileReference; lastKnownFileType = sourcecode.c.h; path = crypto_generichash.h; sourceTree = "<group>"; };
		C48D5BB72887998500219BC8 /* crypto_secretbox_xsalsa20poly1305.h */ = {isa = PBXFileReference; lastKnownFileType = sourcecode.c.h; path = crypto_secretbox_xsalsa20poly1305.h; sourceTree = "<group>"; };
		C48D5BB82887998500219BC8 /* crypto_secretbox.h */ = {isa = PBXFileReference; lastKnownFileType = sourcecode.c.h; path = crypto_secretbox.h; sourceTree = "<group>"; };
		C48D5BB92887998500219BC8 /* crypto_scalarmult_ed25519.h */ = {isa = PBXFileReference; lastKnownFileType = sourcecode.c.h; path = crypto_scalarmult_ed25519.h; sourceTree = "<group>"; };
		C48D5BBA2887998600219BC8 /* crypto_box_curve25519xsalsa20poly1305.h */ = {isa = PBXFileReference; lastKnownFileType = sourcecode.c.h; path = crypto_box_curve25519xsalsa20poly1305.h; sourceTree = "<group>"; };
		C48D5BBB2887998600219BC8 /* crypto_generichash_blake2b.h */ = {isa = PBXFileReference; lastKnownFileType = sourcecode.c.h; path = crypto_generichash_blake2b.h; sourceTree = "<group>"; };
		C48D5BBC2887998600219BC8 /* crypto_sign_edwards25519sha512batch.h */ = {isa = PBXFileReference; lastKnownFileType = sourcecode.c.h; path = crypto_sign_edwards25519sha512batch.h; sourceTree = "<group>"; };
		C48D5BBD2887998600219BC8 /* sodium.h */ = {isa = PBXFileReference; lastKnownFileType = sourcecode.c.h; path = sodium.h; sourceTree = "<group>"; };
		C49ED65827D5FBA0009C8CBC /* ECC2 */ = {isa = PBXFileReference; explicitFileType = "compiled.mach-o.executable"; includeInIndex = 0; path = ECC2; sourceTree = BUILT_PRODUCTS_DIR; };
		C49ED65B27D5FBA0009C8CBC /* main.swift */ = {isa = PBXFileReference; lastKnownFileType = sourcecode.swift; path = main.swift; sourceTree = "<group>"; };
		C49ED66227D5FBEC009C8CBC /* ECC.swift */ = {isa = PBXFileReference; lastKnownFileType = sourcecode.swift; path = ECC.swift; sourceTree = "<group>"; };
		C49ED66427D5FE23009C8CBC /* Base64.swift */ = {isa = PBXFileReference; lastKnownFileType = sourcecode.swift; path = Base64.swift; sourceTree = "<group>"; };
		C49ED68327D74935009C8CBC /* ECC-swift.h */ = {isa = PBXFileReference; lastKnownFileType = sourcecode.c.h; path = "ECC-swift.h"; sourceTree = "<group>"; };
		C4B11FED2887A5E400DDC5B6 /* CryptoKit.framework */ = {isa = PBXFileReference; lastKnownFileType = wrapper.framework; name = CryptoKit.framework; path = System/Library/Frameworks/CryptoKit.framework; sourceTree = SDKROOT; };
		C4B11FF12888095700DDC5B6 /* EC_X25519.swift */ = {isa = PBXFileReference; lastKnownFileType = sourcecode.swift; path = EC_X25519.swift; sourceTree = "<group>"; };
		C4D9686B27E1AF0300710BDC /* Tools.swift */ = {isa = PBXFileReference; lastKnownFileType = sourcecode.swift; path = Tools.swift; sourceTree = "<group>"; };
		C4E38A042806BA9B0001ABE0 /* Accelerate.framework */ = {isa = PBXFileReference; lastKnownFileType = wrapper.framework; name = Accelerate.framework; path = System/Library/Frameworks/Accelerate.framework; sourceTree = SDKROOT; };
		C4E9FE0A280300B00006B723 /* main.swift */ = {isa = PBXFileReference; lastKnownFileType = sourcecode.swift; path = main.swift; sourceTree = "<group>"; };
		C4ECE55C280B060900400456 /* EC.swift */ = {isa = PBXFileReference; fileEncoding = 4; lastKnownFileType = sourcecode.swift; path = EC.swift; sourceTree = "<group>"; };
		C4ECE55D280B060900400456 /* number.swift */ = {isa = PBXFileReference; fileEncoding = 4; lastKnownFileType = sourcecode.swift; path = number.swift; sourceTree = "<group>"; };
		C4F22D1827EB254B00BEEF1F /* keychaintool.swift */ = {isa = PBXFileReference; lastKnownFileType = sourcecode.swift; path = keychaintool.swift; sourceTree = "<group>"; };
		F6F546112C3001855EA315AA /* Pods-ECC-swift.release.xcconfig */ = {isa = PBXFileReference; includeInIndex = 1; lastKnownFileType = text.xcconfig; name = "Pods-ECC-swift.release.xcconfig"; path = "Target Support Files/Pods-ECC-swift/Pods-ECC-swift.release.xcconfig"; sourceTree = "<group>"; };
/* End PBXFileReference section */

/* Begin PBXFrameworksBuildPhase section */
		C49ED65527D5FBA0009C8CBC /* Frameworks */ = {
			isa = PBXFrameworksBuildPhase;
			buildActionMask = 2147483647;
			files = (
				C4B11FEE2887A5E400DDC5B6 /* CryptoKit.framework in Frameworks */,
				C48D5B7E2887989900219BC8 /* libsodium.a in Frameworks */,
				C4E38A052806BA9B0001ABE0 /* Accelerate.framework in Frameworks */,
				7A13DBA2A294CD60C0F9CDC3 /* Pods_ECC_swift.framework in Frameworks */,
				C443211A28164E33008872DA /* libtommath in Frameworks */,
			);
			runOnlyForDeploymentPostprocessing = 0;
		};
/* End PBXFrameworksBuildPhase section */

/* Begin PBXGroup section */
		309FAE9C25D0BE8917FC56E3 /* Pods */ = {
			isa = PBXGroup;
			children = (
				BE8B5773833EC6FABB878354 /* Pods-ECC-swift.debug.xcconfig */,
				F6F546112C3001855EA315AA /* Pods-ECC-swift.release.xcconfig */,
			);
			path = Pods;
			sourceTree = "<group>";
		};
		C48D5B7F2887998500219BC8 /* include */ = {
			isa = PBXGroup;
			children = (
				C48D5B802887998500219BC8 /* sodium */,
				C48D5BBD2887998600219BC8 /* sodium.h */,
			);
			name = include;
			path = lib/include;
			sourceTree = "<group>";
		};
		C48D5B802887998500219BC8 /* sodium */ = {
			isa = PBXGroup;
			children = (
				C48D5B812887998500219BC8 /* crypto_stream_salsa2012.h */,
				C48D5B822887998500219BC8 /* crypto_auth.h */,
				C48D5B832887998500219BC8 /* utils.h */,
				C48D5B842887998500219BC8 /* crypto_core_hchacha20.h */,
				C48D5B852887998500219BC8 /* crypto_hash_sha512.h */,
				C48D5B862887998500219BC8 /* core.h */,
				C48D5B872887998500219BC8 /* version.h */,
				C48D5B882887998500219BC8 /* export.h */,
				C48D5B892887998500219BC8 /* randombytes_salsa20_random.h */,
				C48D5B8A2887998500219BC8 /* crypto_core_salsa20.h */,
				C48D5B8B2887998500219BC8 /* crypto_shorthash_siphash24.h */,
				C48D5B8C2887998500219BC8 /* randombytes.h */,
				C48D5B8D2887998500219BC8 /* crypto_hash_sha256.h */,
				C48D5B8E2887998500219BC8 /* crypto_stream.h */,
				C48D5B8F2887998500219BC8 /* crypto_auth_hmacsha512.h */,
				C48D5B902887998500219BC8 /* crypto_aead_xchacha20poly1305.h */,
				C48D5B912887998500219BC8 /* crypto_stream_salsa20.h */,
				C48D5B922887998500219BC8 /* crypto_onetimeauth_poly1305.h */,
				C48D5B932887998500219BC8 /* crypto_kx.h */,
				C48D5B942887998500219BC8 /* crypto_hash.h */,
				C48D5B952887998500219BC8 /* crypto_sign.h */,
				C48D5B962887998500219BC8 /* crypto_kdf.h */,
				C48D5B972887998500219BC8 /* crypto_auth_hmacsha256.h */,
				C48D5B982887998500219BC8 /* crypto_box.h */,
				C48D5B992887998500219BC8 /* crypto_verify_32.h */,
				C48D5B9A2887998500219BC8 /* crypto_stream_xchacha20.h */,
				C48D5B9B2887998500219BC8 /* crypto_core_salsa208.h */,
				C48D5B9C2887998500219BC8 /* crypto_auth_hmacsha512256.h */,
				C48D5B9D2887998500219BC8 /* crypto_aead_chacha20poly1305.h */,
				C48D5B9E2887998500219BC8 /* randombytes_sysrandom.h */,
				C48D5B9F2887998500219BC8 /* runtime.h */,
				C48D5BA02887998500219BC8 /* crypto_stream_salsa208.h */,
				C48D5BA12887998500219BC8 /* crypto_aead_aes256gcm.h */,
				C48D5BA22887998500219BC8 /* crypto_core_salsa2012.h */,
				C48D5BA32887998500219BC8 /* crypto_secretbox_xchacha20poly1305.h */,
				C48D5BA42887998500219BC8 /* crypto_scalarmult.h */,
				C48D5BA52887998500219BC8 /* crypto_pwhash.h */,
				C48D5BA62887998500219BC8 /* crypto_verify_16.h */,
				C48D5BA72887998500219BC8 /* crypto_stream_chacha20.h */,
				C48D5BA82887998500219BC8 /* crypto_stream_xsalsa20.h */,
				C48D5BA92887998500219BC8 /* crypto_core_hsalsa20.h */,
				C48D5BAA2887998500219BC8 /* crypto_kdf_blake2b.h */,
				C48D5BAB2887998500219BC8 /* crypto_scalarmult_curve25519.h */,
				C48D5BAC2887998500219BC8 /* crypto_shorthash.h */,
				C48D5BAD2887998500219BC8 /* crypto_pwhash_argon2id.h */,
				C48D5BAE2887998500219BC8 /* crypto_secretstream_xchacha20poly1305.h */,
				C48D5BAF2887998500219BC8 /* crypto_pwhash_scryptsalsa208sha256.h */,
				C48D5BB02887998500219BC8 /* crypto_sign_ed25519.h */,
				C48D5BB12887998500219BC8 /* crypto_onetimeauth.h */,
				C48D5BB22887998500219BC8 /* crypto_verify_64.h */,
				C48D5BB32887998500219BC8 /* crypto_box_curve25519xchacha20poly1305.h */,
				C48D5BB42887998500219BC8 /* crypto_core_ed25519.h */,
				C48D5BB52887998500219BC8 /* crypto_pwhash_argon2i.h */,
				C48D5BB62887998500219BC8 /* crypto_generichash.h */,
				C48D5BB72887998500219BC8 /* crypto_secretbox_xsalsa20poly1305.h */,
				C48D5BB82887998500219BC8 /* crypto_secretbox.h */,
				C48D5BB92887998500219BC8 /* crypto_scalarmult_ed25519.h */,
				C48D5BBA2887998600219BC8 /* crypto_box_curve25519xsalsa20poly1305.h */,
				C48D5BBB2887998600219BC8 /* crypto_generichash_blake2b.h */,
				C48D5BBC2887998600219BC8 /* crypto_sign_edwards25519sha512batch.h */,
			);
			path = sodium;
			sourceTree = "<group>";
		};
		C49ED64F27D5FBA0009C8CBC = {
			isa = PBXGroup;
			children = (
				C48D5B7F2887998500219BC8 /* include */,
				C49ED68327D74935009C8CBC /* ECC-swift.h */,
				C49ED65A27D5FBA0009C8CBC /* ECC-swift */,
				C4E9FE09280300B00006B723 /* test */,
				C49ED65927D5FBA0009C8CBC /* Products */,
				C49ED66627D743A0009C8CBC /* Frameworks */,
				309FAE9C25D0BE8917FC56E3 /* Pods */,
			);
			sourceTree = "<group>";
		};
		C49ED65927D5FBA0009C8CBC /* Products */ = {
			isa = PBXGroup;
			children = (
				C49ED65827D5FBA0009C8CBC /* ECC2 */,
			);
			name = Products;
			sourceTree = "<group>";
		};
		C49ED65A27D5FBA0009C8CBC /* ECC-swift */ = {
			isa = PBXGroup;
			children = (
				C4ECE55B280B060900400456 /* EC */,
				C49ED65B27D5FBA0009C8CBC /* main.swift */,
				C43B06B627FEA870004E55FC /* test.swift */,
				C4D9686B27E1AF0300710BDC /* Tools.swift */,
				C49ED66427D5FE23009C8CBC /* Base64.swift */,
				C49ED66227D5FBEC009C8CBC /* ECC.swift */,
				C41B6B0127E81C9D0073AD1D /* randomArt.swift */,
				C4F22D1827EB254B00BEEF1F /* keychaintool.swift */,
				C43B06B427FDE1B6004E55FC /* Cryptor.swift */,
			);
			path = "ECC-swift";
			sourceTree = "<group>";
		};
		C49ED66627D743A0009C8CBC /* Frameworks */ = {
			isa = PBXGroup;
			children = (
				C4B11FED2887A5E400DDC5B6 /* CryptoKit.framework */,
				C48D5B7D2887989900219BC8 /* libsodium.a */,
				C4E38A042806BA9B0001ABE0 /* Accelerate.framework */,
				783E780A82AFB247DBB67D10 /* Pods_ECC_swift.framework */,
			);
			name = Frameworks;
			sourceTree = "<group>";
		};
		C4E9FE09280300B00006B723 /* test */ = {
			isa = PBXGroup;
			children = (
				C4E9FE0A280300B00006B723 /* main.swift */,
			);
			path = test;
			sourceTree = "<group>";
		};
		C4ECE55B280B060900400456 /* EC */ = {
			isa = PBXGroup;
			children = (
				C4ECE55C280B060900400456 /* EC.swift */,
				C4B11FF12888095700DDC5B6 /* EC_X25519.swift */,
				C4ECE55D280B060900400456 /* number.swift */,
			);
			path = EC;
			sourceTree = "<group>";
		};
/* End PBXGroup section */

/* Begin PBXNativeTarget section */
		C49ED65727D5FBA0009C8CBC /* ECC-swift */ = {
			isa = PBXNativeTarget;
			buildConfigurationList = C49ED65F27D5FBA0009C8CBC /* Build configuration list for PBXNativeTarget "ECC-swift" */;
			buildPhases = (
				7F0E08B861531921DCE3343C /* [CP] Check Pods Manifest.lock */,
				C49ED65427D5FBA0009C8CBC /* Sources */,
				C49ED65527D5FBA0009C8CBC /* Frameworks */,
				C49ED65627D5FBA0009C8CBC /* CopyFiles */,
				C49ED68427D74AE0009C8CBC /* Run Script */,
				4C1C21359421AA288F9EA69F /* [CP] Copy Pods Resources */,
			);
			buildRules = (
			);
			dependencies = (
			);
			name = "ECC-swift";
			packageProductDependencies = (
				C443211928164E33008872DA /* libtommath */,
			);
			productName = "ECC-swift";
			productReference = C49ED65827D5FBA0009C8CBC /* ECC2 */;
			productType = "com.apple.product-type.tool";
		};
/* End PBXNativeTarget section */

/* Begin PBXProject section */
		C49ED65027D5FBA0009C8CBC /* Project object */ = {
			isa = PBXProject;
			attributes = {
				BuildIndependentTargetsInParallel = 1;
				LastSwiftUpdateCheck = 1310;
				LastUpgradeCheck = 1310;
				TargetAttributes = {
					C49ED65727D5FBA0009C8CBC = {
						CreatedOnToolsVersion = 13.1;
					};
				};
			};
			buildConfigurationList = C49ED65327D5FBA0009C8CBC /* Build configuration list for PBXProject "ECC-swift" */;
			compatibilityVersion = "Xcode 12.0";
			developmentRegion = en;
			hasScannedForEncodings = 0;
			knownRegions = (
				en,
				Base,
			);
			mainGroup = C49ED64F27D5FBA0009C8CBC;
			packageReferences = (
				C443211828164E33008872DA /* XCRemoteSwiftPackageReference "libtommath" */,
			);
			productRefGroup = C49ED65927D5FBA0009C8CBC /* Products */;
			projectDirPath = "";
			projectRoot = "";
			targets = (
				C49ED65727D5FBA0009C8CBC /* ECC-swift */,
			);
		};
/* End PBXProject section */

/* Begin PBXShellScriptBuildPhase section */
		4C1C21359421AA288F9EA69F /* [CP] Copy Pods Resources */ = {
			isa = PBXShellScriptBuildPhase;
			buildActionMask = 2147483647;
			files = (
			);
			inputFileListPaths = (
				"${PODS_ROOT}/Target Support Files/Pods-ECC-swift/Pods-ECC-swift-resources-${CONFIGURATION}-input-files.xcfilelist",
			);
			name = "[CP] Copy Pods Resources";
			outputFileListPaths = (
				"${PODS_ROOT}/Target Support Files/Pods-ECC-swift/Pods-ECC-swift-resources-${CONFIGURATION}-output-files.xcfilelist",
			);
			runOnlyForDeploymentPostprocessing = 0;
			shellPath = /bin/sh;
			shellScript = "\"${PODS_ROOT}/Target Support Files/Pods-ECC-swift/Pods-ECC-swift-resources.sh\"\n";
			showEnvVarsInLog = 0;
		};
		7F0E08B861531921DCE3343C /* [CP] Check Pods Manifest.lock */ = {
			isa = PBXShellScriptBuildPhase;
			buildActionMask = 2147483647;
			files = (
			);
			inputFileListPaths = (
			);
			inputPaths = (
				"${PODS_PODFILE_DIR_PATH}/Podfile.lock",
				"${PODS_ROOT}/Manifest.lock",
			);
			name = "[CP] Check Pods Manifest.lock";
			outputFileListPaths = (
			);
			outputPaths = (
				"$(DERIVED_FILE_DIR)/Pods-ECC-swift-checkManifestLockResult.txt",
			);
			runOnlyForDeploymentPostprocessing = 0;
			shellPath = /bin/sh;
			shellScript = "diff \"${PODS_PODFILE_DIR_PATH}/Podfile.lock\" \"${PODS_ROOT}/Manifest.lock\" > /dev/null\nif [ $? != 0 ] ; then\n    # print error to STDERR\n    echo \"error: The sandbox is not in sync with the Podfile.lock. Run 'pod install' or update your CocoaPods installation.\" >&2\n    exit 1\nfi\n# This output is used by Xcode 'outputs' to avoid re-running this script phase.\necho \"SUCCESS\" > \"${SCRIPT_OUTPUT_FILE_0}\"\n";
			showEnvVarsInLog = 0;
		};
		C49ED68427D74AE0009C8CBC /* Run Script */ = {
			isa = PBXShellScriptBuildPhase;
			buildActionMask = 2147483647;
			files = (
			);
			inputFileListPaths = (
			);
			inputPaths = (
			);
			name = "Run Script";
			outputFileListPaths = (
			);
			outputPaths = (
			);
			runOnlyForDeploymentPostprocessing = 0;
			shellPath = /bin/sh;
			shellScript = "# Type a script or drag a script file from your workspace to insert its path.\n\nif [ $CONFIGURATION == \"Release\" ]; then\necho \"Release\"\necho $BUILT_PRODUCTS_DIR\ncp -f \"${BUILT_PRODUCTS_DIR}/${EXECUTABLE_NAME}\" ~/mybin/${EXECUTABLE_NAME}\nmkdir -p \"${SRCROOT}/release\"\ncp -f \"${BUILT_PRODUCTS_DIR}/${EXECUTABLE_NAME}\" \"${SRCROOT}/release/${EXECUTABLE_NAME}\"\nelse\necho \"DEBUG\"\nfi\n";
		};
/* End PBXShellScriptBuildPhase section */

/* Begin PBXSourcesBuildPhase section */
		C49ED65427D5FBA0009C8CBC /* Sources */ = {
			isa = PBXSourcesBuildPhase;
			buildActionMask = 2147483647;
			files = (
				C49ED65C27D5FBA0009C8CBC /* main.swift in Sources */,
				C41B6B0227E81C9D0073AD1D /* randomArt.swift in Sources */,
				C49ED66527D5FE23009C8CBC /* Base64.swift in Sources */,
				C4ECE55E280B060900400456 /* EC.swift in Sources */,
				C4B11FF22888095700DDC5B6 /* EC_X25519.swift in Sources */,
				C4ECE55F280B060900400456 /* number.swift in Sources */,
				C43B06B527FDE1B6004E55FC /* Cryptor.swift in Sources */,
				C43B06B727FEA870004E55FC /* test.swift in Sources */,
				C49ED66327D5FBEC009C8CBC /* ECC.swift in Sources */,
				C4D9686C27E1AF0300710BDC /* Tools.swift in Sources */,
				C4F22D1927EB254B00BEEF1F /* keychaintool.swift in Sources */,
			);
			runOnlyForDeploymentPostprocessing = 0;
		};
/* End PBXSourcesBuildPhase section */

/* Begin XCBuildConfiguration section */
		C49ED65D27D5FBA0009C8CBC /* Debug */ = {
			isa = XCBuildConfiguration;
			buildSettings = {
				ALWAYS_SEARCH_USER_PATHS = NO;
				CLANG_ANALYZER_NONNULL = YES;
				CLANG_ANALYZER_NUMBER_OBJECT_CONVERSION = YES_AGGRESSIVE;
				CLANG_CXX_LANGUAGE_STANDARD = "gnu++17";
				CLANG_CXX_LIBRARY = "libc++";
				CLANG_ENABLE_MODULES = YES;
				CLANG_ENABLE_OBJC_ARC = YES;
				CLANG_ENABLE_OBJC_WEAK = YES;
				CLANG_WARN_BLOCK_CAPTURE_AUTORELEASING = YES;
				CLANG_WARN_BOOL_CONVERSION = YES;
				CLANG_WARN_COMMA = YES;
				CLANG_WARN_CONSTANT_CONVERSION = YES;
				CLANG_WARN_DEPRECATED_OBJC_IMPLEMENTATIONS = YES;
				CLANG_WARN_DIRECT_OBJC_ISA_USAGE = YES_ERROR;
				CLANG_WARN_DOCUMENTATION_COMMENTS = YES;
				CLANG_WARN_EMPTY_BODY = YES;
				CLANG_WARN_ENUM_CONVERSION = YES;
				CLANG_WARN_INFINITE_RECURSION = YES;
				CLANG_WARN_INT_CONVERSION = YES;
				CLANG_WARN_NON_LITERAL_NULL_CONVERSION = YES;
				CLANG_WARN_OBJC_IMPLICIT_RETAIN_SELF = YES;
				CLANG_WARN_OBJC_LITERAL_CONVERSION = YES;
				CLANG_WARN_OBJC_ROOT_CLASS = YES_ERROR;
				CLANG_WARN_QUOTED_INCLUDE_IN_FRAMEWORK_HEADER = YES;
				CLANG_WARN_RANGE_LOOP_ANALYSIS = YES;
				CLANG_WARN_STRICT_PROTOTYPES = YES;
				CLANG_WARN_SUSPICIOUS_MOVE = YES;
				CLANG_WARN_UNGUARDED_AVAILABILITY = YES_AGGRESSIVE;
				CLANG_WARN_UNREACHABLE_CODE = YES;
				CLANG_WARN__DUPLICATE_METHOD_MATCH = YES;
				COPY_PHASE_STRIP = NO;
				DEBUG_INFORMATION_FORMAT = dwarf;
				ENABLE_STRICT_OBJC_MSGSEND = YES;
				ENABLE_TESTABILITY = YES;
				GCC_C_LANGUAGE_STANDARD = gnu11;
				GCC_DYNAMIC_NO_PIC = NO;
				GCC_NO_COMMON_BLOCKS = YES;
				GCC_OPTIMIZATION_LEVEL = 0;
				GCC_PREPROCESSOR_DEFINITIONS = (
					"DEBUG=1",
					"$(inherited)",
				);
				GCC_WARN_64_TO_32_BIT_CONVERSION = YES;
				GCC_WARN_ABOUT_RETURN_TYPE = YES_ERROR;
				GCC_WARN_UNDECLARED_SELECTOR = YES;
				GCC_WARN_UNINITIALIZED_AUTOS = YES_AGGRESSIVE;
				GCC_WARN_UNUSED_FUNCTION = YES;
				GCC_WARN_UNUSED_VARIABLE = YES;
				MACOSX_DEPLOYMENT_TARGET = 11.3;
				MTL_ENABLE_DEBUG_INFO = INCLUDE_SOURCE;
				MTL_FAST_MATH = YES;
				ONLY_ACTIVE_ARCH = YES;
				SDKROOT = macosx;
				SWIFT_ACTIVE_COMPILATION_CONDITIONS = DEBUG;
				SWIFT_OPTIMIZATION_LEVEL = "-Onone";
			};
			name = Debug;
		};
		C49ED65E27D5FBA0009C8CBC /* Release */ = {
			isa = XCBuildConfiguration;
			buildSettings = {
				ALWAYS_SEARCH_USER_PATHS = NO;
				CLANG_ANALYZER_NONNULL = YES;
				CLANG_ANALYZER_NUMBER_OBJECT_CONVERSION = YES_AGGRESSIVE;
				CLANG_CXX_LANGUAGE_STANDARD = "gnu++17";
				CLANG_CXX_LIBRARY = "libc++";
				CLANG_ENABLE_MODULES = YES;
				CLANG_ENABLE_OBJC_ARC = YES;
				CLANG_ENABLE_OBJC_WEAK = YES;
				CLANG_WARN_BLOCK_CAPTURE_AUTORELEASING = YES;
				CLANG_WARN_BOOL_CONVERSION = YES;
				CLANG_WARN_COMMA = YES;
				CLANG_WARN_CONSTANT_CONVERSION = YES;
				CLANG_WARN_DEPRECATED_OBJC_IMPLEMENTATIONS = YES;
				CLANG_WARN_DIRECT_OBJC_ISA_USAGE = YES_ERROR;
				CLANG_WARN_DOCUMENTATION_COMMENTS = YES;
				CLANG_WARN_EMPTY_BODY = YES;
				CLANG_WARN_ENUM_CONVERSION = YES;
				CLANG_WARN_INFINITE_RECURSION = YES;
				CLANG_WARN_INT_CONVERSION = YES;
				CLANG_WARN_NON_LITERAL_NULL_CONVERSION = YES;
				CLANG_WARN_OBJC_IMPLICIT_RETAIN_SELF = YES;
				CLANG_WARN_OBJC_LITERAL_CONVERSION = YES;
				CLANG_WARN_OBJC_ROOT_CLASS = YES_ERROR;
				CLANG_WARN_QUOTED_INCLUDE_IN_FRAMEWORK_HEADER = YES;
				CLANG_WARN_RANGE_LOOP_ANALYSIS = YES;
				CLANG_WARN_STRICT_PROTOTYPES = YES;
				CLANG_WARN_SUSPICIOUS_MOVE = YES;
				CLANG_WARN_UNGUARDED_AVAILABILITY = YES_AGGRESSIVE;
				CLANG_WARN_UNREACHABLE_CODE = YES;
				CLANG_WARN__DUPLICATE_METHOD_MATCH = YES;
				COPY_PHASE_STRIP = NO;
				DEBUG_INFORMATION_FORMAT = "dwarf-with-dsym";
				ENABLE_NS_ASSERTIONS = NO;
				ENABLE_STRICT_OBJC_MSGSEND = YES;
				GCC_C_LANGUAGE_STANDARD = gnu11;
				GCC_NO_COMMON_BLOCKS = YES;
				GCC_WARN_64_TO_32_BIT_CONVERSION = YES;
				GCC_WARN_ABOUT_RETURN_TYPE = YES_ERROR;
				GCC_WARN_UNDECLARED_SELECTOR = YES;
				GCC_WARN_UNINITIALIZED_AUTOS = YES_AGGRESSIVE;
				GCC_WARN_UNUSED_FUNCTION = YES;
				GCC_WARN_UNUSED_VARIABLE = YES;
				MACOSX_DEPLOYMENT_TARGET = 11.3;
				MTL_ENABLE_DEBUG_INFO = NO;
				MTL_FAST_MATH = YES;
				SDKROOT = macosx;
				SWIFT_COMPILATION_MODE = wholemodule;
				SWIFT_OPTIMIZATION_LEVEL = "-O";
			};
			name = Release;
		};
		C49ED66027D5FBA0009C8CBC /* Debug */ = {
			isa = XCBuildConfiguration;
			baseConfigurationReference = BE8B5773833EC6FABB878354 /* Pods-ECC-swift.debug.xcconfig */;
			buildSettings = {
				CODE_SIGN_STYLE = Automatic;
				DEAD_CODE_STRIPPING = YES;
				FRAMEWORK_SEARCH_PATHS = (
					"$(inherited)",
					"$(PROJECT_DIR)",
				);
				HEADER_SEARCH_PATHS = "$(inherited)";
				LD_NO_PIE = NO;
				LIBRARY_SEARCH_PATHS = (
					"$(inherited)",
					"$(PROJECT_DIR)",
					"$(PROJECT_DIR)/Secp256k1Lib",
					"$(PROJECT_DIR)/lib",
				);
				OTHER_LDFLAGS = "-all_load";
				PRODUCT_NAME = ECC2;
				SWIFT_INCLUDE_PATHS = "";
				SWIFT_OBJC_BRIDGING_HEADER = "$(SRCROOT)/ECC-swift.h";
				SWIFT_PRECOMPILE_BRIDGING_HEADER = YES;
				SWIFT_VERSION = 5.0;
			};
			name = Debug;
		};
		C49ED66127D5FBA0009C8CBC /* Release */ = {
			isa = XCBuildConfiguration;
			baseConfigurationReference = F6F546112C3001855EA315AA /* Pods-ECC-swift.release.xcconfig */;
			buildSettings = {
				CODE_SIGN_STYLE = Automatic;
				DEAD_CODE_STRIPPING = YES;
				FRAMEWORK_SEARCH_PATHS = (
					"$(inherited)",
					"$(PROJECT_DIR)",
				);
				HEADER_SEARCH_PATHS = "$(inherited)";
				LD_NO_PIE = NO;
				LIBRARY_SEARCH_PATHS = (
					"$(inherited)",
					"$(PROJECT_DIR)",
					"$(PROJECT_DIR)/Secp256k1Lib",
					"$(PROJECT_DIR)/lib",
				);
				ONLY_ACTIVE_ARCH = YES;
				OTHER_LDFLAGS = "-all_load";
				PRODUCT_NAME = ECC2;
				SWIFT_INCLUDE_PATHS = "";
				SWIFT_OBJC_BRIDGING_HEADER = "$(SRCROOT)/ECC-swift.h";
				SWIFT_PRECOMPILE_BRIDGING_HEADER = YES;
				SWIFT_VERSION = 5.0;
			};
			name = Release;
		};
/* End XCBuildConfiguration section */

/* Begin XCConfigurationList section */
		C49ED65327D5FBA0009C8CBC /* Build configuration list for PBXProject "ECC-swift" */ = {
			isa = XCConfigurationList;
			buildConfigurations = (
				C49ED65D27D5FBA0009C8CBC /* Debug */,
				C49ED65E27D5FBA0009C8CBC /* Release */,
			);
			defaultConfigurationIsVisible = 0;
			defaultConfigurationName = Release;
		};
		C49ED65F27D5FBA0009C8CBC /* Build configuration list for PBXNativeTarget "ECC-swift" */ = {
			isa = XCConfigurationList;
			buildConfigurations = (
				C49ED66027D5FBA0009C8CBC /* Debug */,
				C49ED66127D5FBA0009C8CBC /* Release */,
			);
			defaultConfigurationIsVisible = 0;
			defaultConfigurationName = Release;
		};
/* End XCConfigurationList section */

/* Begin XCRemoteSwiftPackageReference section */
		C443211828164E33008872DA /* XCRemoteSwiftPackageReference "libtommath" */ = {
			isa = XCRemoteSwiftPackageReference;
			repositoryURL = "git@gitee.com:mirrors/libtommath.git";
			requirement = {
				kind = revision;
				revision = 5108f12350b6daa4aa5dbc846517ad1db2f8388a;
			};
		};
/* End XCRemoteSwiftPackageReference section */

/* Begin XCSwiftPackageProductDependency section */
		C443211928164E33008872DA /* libtommath */ = {
			isa = XCSwiftPackageProductDependency;
			package = C443211828164E33008872DA /* XCRemoteSwiftPackageReference "libtommath" */;
			productName = libtommath;
		};
/* End XCSwiftPackageProductDependency section */
	};
	rootObject = C49ED65027D5FBA0009C8CBC /* Project object */;
}
